
Microsoft Visual Studio Solution File, Format Version 12.00
# Visual Studio 15
VisualStudioVersion = 15.0.28010.2050
MinimumVisualStudioVersion = 10.0.40219.1
Project("{FAE04EC0-301F-11D3-BF4B-00C04F79EFBC}") = "KursachLibrary1", "KursachLibrary1\KursachLibrary1.csproj", "{194ADF99-E93E-4CA1-967F-5F81D9507222}"
EndProject
Project("{FAE04EC0-301F-11D3-BF4B-00C04F79EFBC}") = "UTests", "UTests\UTests.csproj", "{A91D0FD5-C1F9-441F-AF36-CC39B15F8A1C}"
EndProject
Project("{FAE04EC0-301F-11D3-BF4B-00C04F79EFBC}") = "TestConsol", "TestConsol\TestConsol.csproj", "{DAFB434D-9DBD-482F-BB96-34410030E2FE}"
EndProject
Global
	GlobalSection(SolutionConfigurationPlatforms) = preSolution
		Debug|Any CPU = Debug|Any CPU
		Release|Any CPU = Release|Any CPU
	EndGlobalSection
	GlobalSection(ProjectConfigurationPlatforms) = postSolution
		{194ADF99-E93E-4CA1-967F-5F81D9507222}.Debug|Any CPU.ActiveCfg = Debug|Any CPU
		{194ADF99-E93E-4CA1-967F-5F81D9507222}.Debug|Any CPU.Build.0 = Debug|Any CPU
		{194ADF99-E93E-4CA1-967F-5F81D9507222}.Release|Any CPU.ActiveCfg = Release|Any CPU
		{194ADF99-E93E-4CA1-967F-5F81D9507222}.Release|Any CPU.Build.0 = Release|Any CPU
		{A91D0FD5-C1F9-441F-AF36-CC39B15F8A1C}.Debug|Any CPU.ActiveCfg = Debug|Any CPU
		{A91D0FD5-C1F9-441F-AF36-CC39B15F8A1C}.Debug|Any CPU.Build.0 = Debug|Any CPU
		{A91D0FD5-C1F9-441F-AF36-CC39B15F8A1C}.Release|Any CPU.ActiveCfg = Release|Any CPU
		{A91D0FD5-C1F9-441F-AF36-CC39B15F8A1C}.Release|Any CPU.Build.0 = Release|Any CPU
		{DAFB434D-9DBD-482F-BB96-34410030E2FE}.Debug|Any CPU.ActiveCfg = Debug|Any CPU
		{DAFB434D-9DBD-482F-BB96-34410030E2FE}.Debug|Any CPU.Build.0 = Debug|Any CPU
		{DAFB434D-9DBD-482F-BB96-34410030E2FE}.Release|Any CPU.ActiveCfg = Release|Any CPU
		{DAFB434D-9DBD-482F-BB96-34410030E2FE}.Release|Any CPU.Build.0 = Release|Any CPU
	EndGlobalSection
	GlobalSection(SolutionProperties) = preSolution
		HideSolutionNode = FALSE
	EndGlobalSection
	GlobalSection(ExtensibilityGlobals) = postSolution
		SolutionGuid = {F3A14FE3-ED71-4A5D-9E1A-E0A087F6766C}
	EndGlobalSection
EndGlobal
